
Microsoft Visual Studio Solution File, Format Version 12.00
# Visual Studio Version 16
VisualStudioVersion = 16.0.31205.134
MinimumVisualStudioVersion = 10.0.40219.1
Project("{FAE04EC0-301F-11D3-BF4B-00C04F79EFBC}") = "Point2D_OnTap_LTNC_6", "Point2D_OnTap_LTNC_6\Point2D_OnTap_LTNC_6.csproj", "{AC6E5D4F-1DE2-423B-902F-A715DA41B27A}"
EndProject
Global
	GlobalSection(SolutionConfigurationPlatforms) = preSolution
		Debug|Any CPU = Debug|Any CPU
		Release|Any CPU = Release|Any CPU
	EndGlobalSection
	GlobalSection(ProjectConfigurationPlatforms) = postSolution
		{AC6E5D4F-1DE2-423B-902F-A715DA41B27A}.Debug|Any CPU.ActiveCfg = Debug|Any CPU
		{AC6E5D4F-1DE2-423B-902F-A715DA41B27A}.Debug|Any CPU.Build.0 = Debug|Any CPU
		{AC6E5D4F-1DE2-423B-902F-A715DA41B27A}.Release|Any CPU.ActiveCfg = Release|Any CPU
		{AC6E5D4F-1DE2-423B-902F-A715DA41B27A}.Release|Any CPU.Build.0 = Release|Any CPU
	EndGlobalSection
	GlobalSection(SolutionProperties) = preSolution
		HideSolutionNode = FALSE
	EndGlobalSection
	GlobalSection(ExtensibilityGlobals) = postSolution
		SolutionGuid = {AAD57903-D773-4B3A-BBC1-C908D69E78DE}
	EndGlobalSection
EndGlobal
